
Microsoft Visual Studio Solution File, Format Version 12.00
# Visual Studio Version 17
VisualStudioVersion = 17.6.33815.320
MinimumVisualStudioVersion = 10.0.40219.1
Project("{FAE04EC0-301F-11D3-BF4B-00C04F79EFBC}") = "Lab-4-Futures-and-continuations", "Lab-4-Futures-and-continuations.csproj", "{D1EC4529-1CF9-41DE-8AF6-8CA8A8A2CEB0}"
EndProject
Global
	GlobalSection(SolutionConfigurationPlatforms) = preSolution
		Debug|Any CPU = Debug|Any CPU
		Release|Any CPU = Release|Any CPU
	EndGlobalSection
	GlobalSection(ProjectConfigurationPlatforms) = postSolution
		{D1EC4529-1CF9-41DE-8AF6-8CA8A8A2CEB0}.Debug|Any CPU.ActiveCfg = Debug|Any CPU
		{D1EC4529-1CF9-41DE-8AF6-8CA8A8A2CEB0}.Debug|Any CPU.Build.0 = Debug|Any CPU
		{D1EC4529-1CF9-41DE-8AF6-8CA8A8A2CEB0}.Release|Any CPU.ActiveCfg = Release|Any CPU
		{D1EC4529-1CF9-41DE-8AF6-8CA8A8A2CEB0}.Release|Any CPU.Build.0 = Release|Any CPU
	EndGlobalSection
	GlobalSection(SolutionProperties) = preSolution
		HideSolutionNode = FALSE
	EndGlobalSection
	GlobalSection(ExtensibilityGlobals) = postSolution
		SolutionGuid = {96A1ECEE-E11D-484B-97A0-B784C96133FB}
	EndGlobalSection
EndGlobal
